dependencies:
  pixi.js: 6.0.0
  vue: 3.0.7
devDependencies:
  '@vitejs/plugin-vue': 1.1.5_@vue+compiler-sfc@3.0.7
  '@vue/compiler-sfc': 3.0.7_vue@3.0.7
  sass: 1.32.8
  typescript: 4.2.3
  vite: 2.0.5
lockfileVersion: 5.2
packages:
  /@babel/helper-validator-identifier/7.12.11:
    resolution:
      integrity: sha512-np/lG3uARFybkoHokJUmf1QfEvRVCPbmQeUQpKow5cQ3xWrV9i3rUHodKDJPQfTVX61qKi+UdYk8kik84n7XOw==
  /@babel/parser/7.13.9:
    engines:
      node: '>=6.0.0'
    hasBin: true
    resolution:
      integrity: sha512-nEUfRiARCcaVo3ny3ZQjURjHQZUo/JkEw7rLlSZy/psWGnvwXFtPcr6jb7Yb41DVW5LTe6KRq9LGleRNsg1Frw==
  /@babel/types/7.13.0:
    dependencies:
      '@babel/helper-validator-identifier': 7.12.11
      lodash: 4.17.21
      to-fast-properties: 2.0.0
    resolution:
      integrity: sha512-hE+HE8rnG1Z6Wzo+MhaKE5lM5eMx71T4EHJgku2E3xIfaULhDcxiiRxUYgwX8qwP1BBSlag+TdGOt6JAidIZTA==
  /@pixi/accessibility/6.0.0:
    dependencies:
      '@pixi/canvas-renderer': 6.0.0
      '@pixi/core': 6.0.0
      '@pixi/display': 6.0.0
      '@pixi/utils': 6.0.0
    dev: false
    resolution:
      integrity: sha512-AuwFGRUF7I+D3B1FJKJq8j6bkgWLpJEdwqY8NxnmRTgQXh/XkiXtkZp4Iiinh3ivoCs6xdfz/p7ekOyHfFdZ0Q==
  /@pixi/app/6.0.0:
    dependencies:
      '@pixi/core': 6.0.0
      '@pixi/display': 6.0.0
    dev: false
    resolution:
      integrity: sha512-axT7HgVHbjzgiy2xuilBDNmivQz3Nm+ZLjU9hiK6iVWp7tOkCTP7VZg5JW4VWiTQrc3GiJLY9FaRb6vxDV3+Gw==
  /@pixi/canvas-renderer/6.0.0:
    dependencies:
      '@pixi/constants': 6.0.0
      '@pixi/core': 6.0.0
      '@pixi/math': 6.0.0
      '@pixi/settings': 6.0.0
      '@pixi/utils': 6.0.0
    dev: false
    resolution:
      integrity: sha512-KKh1AsKuk91QLgGbsngUZA4Ig1hZsRoxS13N0eXw+mJfuHag5pARAeZvn/6kc7xJAqX/p+n6GNtOq85PK6FiQg==
  /@pixi/compressed-textures/6.0.0:
    dependencies:
      '@pixi/constants': 6.0.0
      '@pixi/core': 6.0.0
      '@pixi/loaders': 6.0.0
    dev: false
    resolution:
      integrity: sha512-K6uEpd0RinapAyuMQGdj+PtHV5eD93zGo9rgxLEpjNlAZMQdtvHrsE+jBGu7LPxJLTs6P72BOajTp9tTkXLBkA==
  /@pixi/constants/6.0.0:
    dev: false
    resolution:
      integrity: sha512-/ZvzxkYjnSOvMhAuGEzSHJ7pgxQ/6VfWyxzYhbZ9U8YRxnU4D5l2MKGIe5XpAMHEFD10t0mYzIC9tMoCrdlBGg==
  /@pixi/core/6.0.0:
    dependencies:
      '@pixi/constants': 6.0.0
      '@pixi/math': 6.0.0
      '@pixi/runner': 6.0.0
      '@pixi/settings': 6.0.0
      '@pixi/ticker': 6.0.0
      '@pixi/utils': 6.0.0
    dev: false
    resolution:
      integrity: sha512-hOvl0aLG1nYYw2OzUY1Xot38vnrQl5eshIcfqMjUHmuescwedNPXE7cO7zAiMEW1bdAJMmQ5gT4RVMZTKUx3fg==
  /@pixi/display/6.0.0:
    dependencies:
      '@pixi/math': 6.0.0
      '@pixi/settings': 6.0.0
      '@pixi/utils': 6.0.0
    dev: false
    resolution:
      integrity: sha512-Sl4QLlNlHjB68BojkIK36kJy2/brJ+cVviYITpaRQzOEZRNiWOZPdKaZ4qH1mwzD59LGBvKksBGGeEB/y9XHlw==
  /@pixi/extract/6.0.0:
    dependencies:
      '@pixi/core': 6.0.0
      '@pixi/math': 6.0.0
      '@pixi/utils': 6.0.0
    dev: false
    resolution:
      integrity: sha512-LIhQNOr90kEo2YFRcjsIR5ZRdbtcWWYqtwC6/Zgy5dzuB+JNCiHIqWZTHCJDbzuXnImHM3NP59Zay2nuJsgVAw==
  /@pixi/filter-alpha/6.0.0:
    dependencies:
      '@pixi/core': 6.0.0
    dev: false
    resolution:
      integrity: sha512-wtsqCIIxYNH8twQ7sYTPnQa3GEBEkwgETglbQrszJIcuWf5sHizZwmV5k12DVJjWlRn5fHczrb9eF6Rye/K47A==
  /@pixi/filter-blur/6.0.0:
    dependencies:
      '@pixi/core': 6.0.0
      '@pixi/settings': 6.0.0
    dev: false
    resolution:
      integrity: sha512-G0AZ8oCLFmJ1f0wFFPHKP9rKe/Ax4a0JIqIyxTPVdsWyZMUJT3hLK3pVyypnNFt4vJCFUENpG4f69DpIlxJ5AA==
  /@pixi/filter-color-matrix/6.0.0:
    dependencies:
      '@pixi/core': 6.0.0
    dev: false
    resolution:
      integrity: sha512-81LLG54+o7KPRLYqb5hKnHEa+8fvUwcBdzdEvkIw41IXGaxItXd18bDVs5A9hDRSA/DvDxPWR2ogXqnLuxrIRA==
  /@pixi/filter-displacement/6.0.0:
    dependencies:
      '@pixi/core': 6.0.0
      '@pixi/math': 6.0.0
    dev: false
    resolution:
      integrity: sha512-f439vMHb3VYUQSH9f3Z3o1j3o9ciA+xjzhldc+sXunxabmRn02yNye+u4fJlRoQnLFgGFlQCPlpaSEK+CGygDA==
  /@pixi/filter-fxaa/6.0.0:
    dependencies:
      '@pixi/core': 6.0.0
    dev: false
    resolution:
      integrity: sha512-oSSee1ktf3nYUhH7rf1pfLjxWkliOZiqUo3N0E6mV5kN7RfIWVgyahImDVJdvIlSQYMVW8rg2jOMetp4E9c70g==
  /@pixi/filter-noise/6.0.0:
    dependencies:
      '@pixi/core': 6.0.0
    dev: false
    resolution:
      integrity: sha512-AMWcodsb5FUQGsfZRQs1Qn+YLGu8yScKWPKXhn1fjEP0zgFk2/PFu6CQADOETBrHYie6eqib05vmcFhhV6NN3A==
  /@pixi/graphics/6.0.0:
    dependencies:
      '@pixi/constants': 6.0.0
      '@pixi/core': 6.0.0
      '@pixi/display': 6.0.0
      '@pixi/math': 6.0.0
      '@pixi/sprite': 6.0.0
      '@pixi/utils': 6.0.0
    dev: false
    resolution:
      integrity: sha512-JKYlXD6snsNGI28okuhJrLr21FMDLbG2ISSn17P+fKvtUbCyerP0XrItZiMagjnwyoa4kcmk/L6ywQUSNrqe1Q==
  /@pixi/interaction/6.0.0:
    dependencies:
      '@pixi/core': 6.0.0
      '@pixi/display': 6.0.0
      '@pixi/math': 6.0.0
      '@pixi/ticker': 6.0.0
      '@pixi/utils': 6.0.0
    dev: false
    resolution:
      integrity: sha512-tbJEGApuALoMrRVtvozjJnVM+8svIQiyDmLsb8NYI0jS+VhqZCUZPoGRXBnzzOoCM8TfuRV9A8OAgoGOi543pg==
  /@pixi/loaders/6.0.0:
    dependencies:
      '@pixi/constants': 6.0.0
      '@pixi/core': 6.0.0
      '@pixi/utils': 6.0.0
      resource-loader: 3.0.1
    dev: false
    resolution:
      integrity: sha512-mA0uXNJEDpSsPQZHRCxMViqdopqZgs9RueiqMlXirdnp5S+G56Y71eDZZxa1qJoy4LNJzcVOWqG8vOhLzYEpVQ==
  /@pixi/math/6.0.0:
    dev: false
    resolution:
      integrity: sha512-MGt7Gcj9zMCzy/T28mmi8TFfb09ePU+fbqd6VzXv91lmaoc/ZVBDRoYwDA8x5dQTXuuiRicRypXghQccl0X+OQ==
  /@pixi/mesh-extras/6.0.0:
    dependencies:
      '@pixi/constants': 6.0.0
      '@pixi/core': 6.0.0
      '@pixi/math': 6.0.0
      '@pixi/mesh': 6.0.0
      '@pixi/utils': 6.0.0
    dev: false
    resolution:
      integrity: sha512-4F+/kZtyWoH6xkyreMTzO8tAj6NnHjJPFhTW4mNB79DoNyeb3JOQbyeaLj+TKvK+x72Hhcu2m7JxDUfstcBCCw==
  /@pixi/mesh/6.0.0:
    dependencies:
      '@pixi/constants': 6.0.0
      '@pixi/core': 6.0.0
      '@pixi/display': 6.0.0
      '@pixi/math': 6.0.0
      '@pixi/settings': 6.0.0
      '@pixi/utils': 6.0.0
    dev: false
    resolution:
      integrity: sha512-yxIgDJXb0tklAZLE7dQ7ohVfTZhDZ+C9oU7FQ8uzyAlPrVVI5T7ZxTTfB2qYvfuX1ag3rCjGPqFvG01nG2P5QA==
  /@pixi/mixin-cache-as-bitmap/6.0.0:
    dependencies:
      '@pixi/canvas-renderer': 6.0.0
      '@pixi/core': 6.0.0
      '@pixi/display': 6.0.0
      '@pixi/math': 6.0.0
      '@pixi/settings': 6.0.0
      '@pixi/sprite': 6.0.0
      '@pixi/utils': 6.0.0
    dev: false
    resolution:
      integrity: sha512-ox2KaorNYSYm6vNXSEH1ecwGDRx9NhpXvBH4Gun9XwIgxmVTZrHdRYdWOgAhQnj9L+a7+JwwCGspcpcL4h0QBw==
  /@pixi/mixin-get-child-by-name/6.0.0:
    dependencies:
      '@pixi/display': 6.0.0
    dev: false
    resolution:
      integrity: sha512-g/8WflW83kfo918WROePmGErRI2rxSCnuRfEkHRYGcsyN3yN/oHyDTgA0UrlLvNk2YM2v3oDjQKmCkD4roA06A==
  /@pixi/mixin-get-global-position/6.0.0:
    dependencies:
      '@pixi/display': 6.0.0
      '@pixi/math': 6.0.0
    dev: false
    resolution:
      integrity: sha512-1qVfsoHjyWknFAmkhUkgOfOoCw5fE5cNbJ91VcfyUGL5hgw329uqdOqeqAVr06oRNInvMzNM6ePBoD6+8T2qrw==
  /@pixi/particles/6.0.0:
    dependencies:
      '@pixi/constants': 6.0.0
      '@pixi/core': 6.0.0
      '@pixi/display': 6.0.0
      '@pixi/math': 6.0.0
      '@pixi/utils': 6.0.0
    dev: false
    resolution:
      integrity: sha512-Q8aWbP7fJEqShJ75WhgMq2v+YbaGyKnYk+8xoyPooIjD+RWx9iibqqsYq4bzaDXL/yl74K32hhFkKB9krj4MMQ==
  /@pixi/polyfill/6.0.0:
    dependencies:
      object-assign: 4.1.1
      promise-polyfill: 8.2.0
    dev: false
    resolution:
      integrity: sha512-lMjVCEiQYfa9wJgYT75fGbpuMsxF7WLmH05+Zg4a9nZJm7DeQ/D+BjsuxTGKLbjINHCMUA/D8E6utT2u5IGgGA==
  /@pixi/prepare/6.0.0:
    dependencies:
      '@pixi/core': 6.0.0
      '@pixi/display': 6.0.0
      '@pixi/graphics': 6.0.0
      '@pixi/settings': 6.0.0
      '@pixi/text': 6.0.0
      '@pixi/ticker': 6.0.0
    dev: false
    resolution:
      integrity: sha512-5Iw7vq9Ze71LQsg9F8Fx94vszFB5/E9LcMhn7NJDGbrCawigldqT1GiwJB2SzWBbqn199GDTX1g/ApMdLEt4YA==
  /@pixi/runner/6.0.0:
    dev: false
    resolution:
      integrity: sha512-lwlAdtC4PEPy3O0nljYNEZgsBe9AEJ8qZAFkDK+ZHQIgV3uODRIG+8dmzTmMo7pHucvMM9klK29bzBhmXS95eQ==
  /@pixi/settings/6.0.0:
    dependencies:
      ismobilejs: 1.1.1
    dev: false
    resolution:
      integrity: sha512-AMM39dnYrByL4/qZHNWShJaYQkp0RJ/TA7JNf6cJq/Mq8idumaSdUsrytvbmFDIhNEeFTh9o1EgLzqxxCO7Z+g==
  /@pixi/sprite-animated/6.0.0:
    dependencies:
      '@pixi/core': 6.0.0
      '@pixi/sprite': 6.0.0
      '@pixi/ticker': 6.0.0
    dev: false
    resolution:
      integrity: sha512-bNPIqDCod5KGHU1GN9T+YOTnaSwNLxurxlOQc6CyWtkQCIYKGYg7ZA+It0p9wX1cerx/sf80QLODiLI1msPHDw==
  /@pixi/sprite-tiling/6.0.0:
    dependencies:
      '@pixi/constants': 6.0.0
      '@pixi/core': 6.0.0
      '@pixi/display': 6.0.0
      '@pixi/math': 6.0.0
      '@pixi/sprite': 6.0.0
      '@pixi/utils': 6.0.0
    dev: false
    resolution:
      integrity: sha512-h+TQ+DZTWzHkrJXC7CbhbwzgLtXGWo7yW4y4ha2k+EIIy4uyRYki5wA4xq+Q4Dk1PlItNXOTubs1uQMxBmOWgw==
  /@pixi/sprite/6.0.0:
    dependencies:
      '@pixi/constants': 6.0.0
      '@pixi/core': 6.0.0
      '@pixi/display': 6.0.0
      '@pixi/math': 6.0.0
      '@pixi/settings': 6.0.0
      '@pixi/utils': 6.0.0
    dev: false
    resolution:
      integrity: sha512-17bmwAL/KtY//I3mhZeKeVjoXSmI8yWk+zsTy8L5s95UVUDkyxJ//mc8Sv7ajF2OteLH0yyd+l3Pb/lYazkwBQ==
  /@pixi/spritesheet/6.0.0:
    dependencies:
      '@pixi/core': 6.0.0
      '@pixi/loaders': 6.0.0
      '@pixi/math': 6.0.0
      '@pixi/utils': 6.0.0
    dev: false
    resolution:
      integrity: sha512-crRPvDA3O8qrAUTnPuV2UIKKW06FpCgGSFe5OwaE+8yFP2DCefoMeD5tU+EOuWavLTM94nBjbcGEpGYp/VBIvA==
  /@pixi/text-bitmap/6.0.0:
    dependencies:
      '@pixi/core': 6.0.0
      '@pixi/display': 6.0.0
      '@pixi/loaders': 6.0.0
      '@pixi/math': 6.0.0
      '@pixi/mesh': 6.0.0
      '@pixi/settings': 6.0.0
      '@pixi/text': 6.0.0
      '@pixi/utils': 6.0.0
    dev: false
    resolution:
      integrity: sha512-PXxr1JcBtcqnkkmdIgS2vN3TvmgA2jXY8BhdCamx+Bkhtpron5UWL0wzIOmEXEH0jWyXwbdTuNnx4V48JJbIsQ==
  /@pixi/text/6.0.0:
    dependencies:
      '@pixi/core': 6.0.0
      '@pixi/math': 6.0.0
      '@pixi/settings': 6.0.0
      '@pixi/sprite': 6.0.0
      '@pixi/utils': 6.0.0
    dev: false
    resolution:
      integrity: sha512-ZRgU03fWETpTsr+vse8yC8/czEZ36qS3+NyGtaL9lP+Otw/exJ+fPNKE6Oucb3ZpjhNRSWVSCmZcqGp0ogzQDw==
  /@pixi/ticker/6.0.0:
    dependencies:
      '@pixi/settings': 6.0.0
    dev: false
    resolution:
      integrity: sha512-ON9Evw2ofOCIZ/06/sS1InRT6ByPsjeQtKxSP4YxgakUqY8mXKAFvj7L3GpgjyVz4u80VdqxgEki6teElfMI4Q==
  /@pixi/utils/6.0.0:
    dependencies:
      '@pixi/constants': 6.0.0
      '@pixi/settings': 6.0.0
      '@types/earcut': 2.1.1
      '@types/node': 12.20.4
      earcut: 2.2.2
      eventemitter3: 3.1.2
      url: 0.11.0
    dev: false
    resolution:
      integrity: sha512-kI/KPd3NHYeRdss8ZsFjBrup/x0bXSjX/Vq8gZJOdiHIZ6IFllugYulsQwGbgNCTX0VBV8K8ks21/UzHUhRxGQ==
  /@types/earcut/2.1.1:
    dev: false
    resolution:
      integrity: sha512-w8oigUCDjElRHRRrMvn/spybSMyX8MTkKA5Dv+tS1IE/TgmNZPqUYtvYBXGY8cieSE66gm+szeK+bnbxC2xHTQ==
  /@types/node/12.20.4:
    dev: false
    resolution:
      integrity: sha512-xRCgeE0Q4pT5UZ189TJ3SpYuX/QGl6QIAOAIeDSbAVAd2gX1NxSZup4jNVK7cxIeP8KDSbJgcckun495isP1jQ==
  /@vitejs/plugin-vue/1.1.5_@vue+compiler-sfc@3.0.7:
    dependencies:
      '@vue/compiler-sfc': 3.0.7_vue@3.0.7
    dev: true
    engines:
      node: '>=12.0.0'
    peerDependencies:
      '@vue/compiler-sfc': ^3.0.6
    resolution:
      integrity: sha512-4DV8VPYo8/OR1YsnK39QN16xhKENt2XvcmJxqfRtyz75kvbjBYh1zTSHLp7XsXqv4R2I+fOZlbEBvxosMYLcPA==
  /@vue/compiler-core/3.0.7:
    dependencies:
      '@babel/parser': 7.13.9
      '@babel/types': 7.13.0
      '@vue/shared': 3.0.7
      estree-walker: 2.0.2
      source-map: 0.6.1
    resolution:
      integrity: sha512-JFohgBXoyUc3mdeI2WxlhjQZ5fakfemJkZHX8Gu/nFbEg3+lKVUZmNKWmmnp9aOzJQZKoj77LjmFxiP+P+7lMQ==
  /@vue/compiler-dom/3.0.7:
    dependencies:
      '@vue/compiler-core': 3.0.7
      '@vue/shared': 3.0.7
    resolution:
      integrity: sha512-VnIH9EbWQm/Tkcp+8dCaNVsVvhm/vxCrIKWRkXY9215hTqOqQOvejT8IMjd2kc++nIsYMsdQk6H9qqBvoLe/Cw==
  /@vue/compiler-sfc/3.0.7_vue@3.0.7:
    dependencies:
      '@babel/parser': 7.13.9
      '@babel/types': 7.13.0
      '@vue/compiler-core': 3.0.7
      '@vue/compiler-dom': 3.0.7
      '@vue/compiler-ssr': 3.0.7
      '@vue/shared': 3.0.7
      consolidate: 0.16.0
      estree-walker: 2.0.2
      hash-sum: 2.0.0
      lru-cache: 5.1.1
      magic-string: 0.25.7
      merge-source-map: 1.1.0
      postcss: 8.2.7
      postcss-modules: 4.0.0_postcss@8.2.7
      postcss-selector-parser: 6.0.4
      source-map: 0.6.1
      vue: 3.0.7
    dev: true
    peerDependencies:
      vue: 3.0.7
    resolution:
      integrity: sha512-37/QILpGE+J3V+bP9Slg9e6xGqfk+MmS2Yj8ChR4fS0/qWUU/YoYHE0GPIzjmBdH0JVOOmJqunxowIXmqNiHng==
  /@vue/compiler-ssr/3.0.7:
    dependencies:
      '@vue/compiler-dom': 3.0.7
      '@vue/shared': 3.0.7
    dev: true
    resolution:
      integrity: sha512-nHRbHeSpfXwjypettjrA16TjgfDcPEwq3m/zHnGyLC1QqdLtklXmpSM43/CPwwTCRa/qdt0pldJf22MiCEuTSQ==
  /@vue/reactivity/3.0.7:
    dependencies:
      '@vue/shared': 3.0.7
    dev: false
    resolution:
      integrity: sha512-FotWcNNaKhqpFZrdgsUOZ1enlJ5lhTt01CNTtLSyK7jYFgZBTuw8vKsEutZKDYZ1XKotOfoeO8N3pZQqmM6Etw==
  /@vue/runtime-core/3.0.7:
    dependencies:
      '@vue/reactivity': 3.0.7
      '@vue/shared': 3.0.7
    dev: false
    resolution:
      integrity: sha512-DBAZAwVvdmMXuyd6/9qqj/kYr/GaLTmn1L2/QLxLwP+UfhIboiTSBc/tUUb8MRk7Bb98GzNeAWkkT6AfooS3dQ==
  /@vue/runtime-dom/3.0.7:
    dependencies:
      '@vue/runtime-core': 3.0.7
      '@vue/shared': 3.0.7
      csstype: 2.6.16
    dev: false
    resolution:
      integrity: sha512-Oij4ruOtnpQpCj+/Q3JPzgpTJ1Q7+N67pA53A8KVITEtxfvKL46NN6dhAZ5NGqwX6RWZpYqWQNewITeF0pHr8g==
  /@vue/shared/3.0.7:
    resolution:
      integrity: sha512-dn5FyfSc4ky424jH4FntiHno7Ss5yLkqKNmM/NXwANRnlkmqu74pnGetexDFVG5phMk9/FhwovUZCWGxsotVKg==
  /anymatch/3.1.1:
    dependencies:
      normalize-path: 3.0.0
      picomatch: 2.2.2
    dev: true
    engines:
      node: '>= 8'
    resolution:
      integrity: sha512-mM8522psRCqzV+6LhomX5wgp25YVibjh8Wj23I5RPkPppSVSjyKD2A2mBJmWGa+KN7f2D6LNh9jkBCeyLktzjg==
  /big.js/5.2.2:
    dev: true
    resolution:
      integrity: sha512-vyL2OymJxmarO8gxMr0mhChsO9QGwhynfuu4+MHTAW6czfq9humCB7rKpUjDd9YUiDPU4mzpyupFSvOClAwbmQ==
  /binary-extensions/2.2.0:
    dev: true
    engines:
      node: '>=8'
    resolution:
      integrity: sha512-jDctJ/IVQbZoJykoeHbhXpOlNBqGNcwXJKJog42E5HDPUwQTSdjCHdihjj0DlnheQ7blbT6dHOafNAiS8ooQKA==
  /bluebird/3.7.2:
    dev: true
    resolution:
      integrity: sha512-XpNj6GDQzdfW+r2Wnn7xiSAd7TM3jzkxGXBGTtWKuSXv1xUV+azxAm8jdWZN06QTQk+2N2XB9jRDkvbmQmcRtg==
  /braces/3.0.2:
    dependencies:
      fill-range: 7.0.1
    dev: true
    engines:
      node: '>=8'
    resolution:
      integrity: sha512-b8um+L1RzM3WDSzvhm6gIz1yfTbBt6YTlcEKAvsmqCZZFw46z626lVj9j1yEPW33H5H+lBQpZMP1k8l+78Ha0A==
  /chokidar/3.5.1:
    dependencies:
      anymatch: 3.1.1
      braces: 3.0.2
      glob-parent: 5.1.1
      is-binary-path: 2.1.0
      is-glob: 4.0.1
      normalize-path: 3.0.0
      readdirp: 3.5.0
    dev: true
    engines:
      node: '>= 8.10.0'
    optionalDependencies:
      fsevents: 2.3.2
    resolution:
      integrity: sha512-9+s+Od+W0VJJzawDma/gvBNQqkTiqYTWLuZoyAsivsI4AaWTCzHG06/TMjsf1cYe9Cb97UCEhjz7HvnPk2p/tw==
  /colorette/1.2.2:
    dev: true
    resolution:
      integrity: sha512-MKGMzyfeuutC/ZJ1cba9NqcNpfeqMUcYmyF1ZFY6/Cn7CNSAKx6a+s48sqLqyAiZuaP2TcqMhoo+dlwFnVxT9w==
  /consolidate/0.16.0:
    dependencies:
      bluebird: 3.7.2
    dev: true
    engines:
      node: '>= 0.10.0'
    resolution:
      integrity: sha512-Nhl1wzCslqXYTJVDyJCu3ODohy9OfBMB5uD2BiBTzd7w+QY0lBzafkR8y8755yMYHAaMD4NuzbAw03/xzfw+eQ==
  /cssesc/3.0.0:
    dev: true
    engines:
      node: '>=4'
    hasBin: true
    resolution:
      integrity: sha512-/Tb/JcjK111nNScGob5MNtsntNM1aCNUDipB/TkwZFhyDrrE47SOx/18wF2bbjgc3ZzCSKW1T5nt5EbFoAz/Vg==
  /csstype/2.6.16:
    dev: false
    resolution:
      integrity: sha512-61FBWoDHp/gRtsoDkq/B1nWrCUG/ok1E3tUrcNbZjsE9Cxd9yzUirjS3+nAATB8U4cTtaQmAHbNndoFz5L6C9Q==
  /earcut/2.2.2:
    dev: false
    resolution:
      integrity: sha512-eZoZPPJcUHnfRZ0PjLvx2qBordSiO8ofC3vt+qACLM95u+4DovnbYNpQtJh0DNsWj8RnxrQytD4WA8gj5cRIaQ==
  /emojis-list/3.0.0:
    dev: true
    engines:
      node: '>= 4'
    resolution:
      integrity: sha512-/kyM18EfinwXZbno9FyUGeFh87KC8HRQBQGildHZbEuRyWFOmv1U10o9BBp8XVZDVNNuQKyIGIu5ZYAAXJ0V2Q==
  /esbuild/0.8.55:
    dev: true
    hasBin: true
    requiresBuild: true
    resolution:
      integrity: sha512-mM/s7hjYe5mQR+zAWOM5JVrCtYCke182E9l1Bbs6rG5EDP3b1gZF9sHZka53PD/iNt6OccymVZRWkTtBfcKW4w==
  /estree-walker/2.0.2:
    resolution:
      integrity: sha512-Rfkk/Mp/DL7JVje3u18FxFujQlTNR2q6QfMSMB7AvCBx91NGj/ba3kCfza0f6dVDbw7YlRf/nDrn7pQrCCyQ/w==
  /eventemitter3/3.1.2:
    dev: false
    resolution:
      integrity: sha512-tvtQIeLVHjDkJYnzf2dgVMxfuSGJeM/7UCG17TT4EumTfNtF+0nebF/4zWOIkCreAbtNqhGEboB6BWrwqNaw4Q==
  /fill-range/7.0.1:
    dependencies:
      to-regex-range: 5.0.1
    dev: true
    engines:
      node: '>=8'
    resolution:
      integrity: sha512-qOo9F+dMUmC2Lcb4BbVvnKJxTPjCm+RRpe4gDuGrzkL7mEVl/djYSu2OdQ2Pa302N4oqkSg9ir6jaLWJ2USVpQ==
  /fsevents/2.3.2:
    dev: true
    engines:
      node: ^8.16.0 || ^10.6.0 || >=11.0.0
    optional: true
    os:
      - darwin
    resolution:
      integrity: sha512-xiqMQR4xAeHTuB9uWm+fFRcIOgKBMiOBP+eXiyT7jsgVCq1bkVygt00oASowB7EdtpOHaaPgKt812P9ab+DDKA==
  /function-bind/1.1.1:
    dev: true
    resolution:
      integrity: sha512-yIovAzMX49sF8Yl58fSCWJ5svSLuaibPxXQJFLmBObTuCr0Mf1KiPopGM9NiFjiYBCbfaa2Fh6breQ6ANVTI0A==
  /generic-names/2.0.1:
    dependencies:
      loader-utils: 1.4.0
    dev: true
    resolution:
      integrity: sha512-kPCHWa1m9wGG/OwQpeweTwM/PYiQLrUIxXbt/P4Nic3LbGjCP0YwrALHW1uNLKZ0LIMg+RF+XRlj2ekT9ZlZAQ==
  /glob-parent/5.1.1:
    dependencies:
      is-glob: 4.0.1
    dev: true
    engines:
      node: '>= 6'
    resolution:
      integrity: sha512-FnI+VGOpnlGHWZxthPGR+QhR78fuiK0sNLkHQv+bL9fQi57lNNdquIbna/WrfROrolq8GK5Ek6BiMwqL/voRYQ==
  /has/1.0.3:
    dependencies:
      function-bind: 1.1.1
    dev: true
    engines:
      node: '>= 0.4.0'
    resolution:
      integrity: sha512-f2dvO0VU6Oej7RkWJGrehjbzMAjFp5/VKPp5tTpWIV4JHHZK1/BxbFRtf/siA2SWTe09caDmVtYYzWEIbBS4zw==
  /hash-sum/2.0.0:
    dev: true
    resolution:
      integrity: sha512-WdZTbAByD+pHfl/g9QSsBIIwy8IT+EsPiKDs0KNX+zSHhdDLFKdZu0BQHljvO+0QI/BasbMSUa8wYNCZTvhslg==
  /icss-replace-symbols/1.1.0:
    dev: true
    resolution:
      integrity: sha1-Bupvg2ead0njhs/h/oEq5dsiPe0=
  /icss-utils/5.1.0_postcss@8.2.7:
    dependencies:
      postcss: 8.2.7
    dev: true
    engines:
      node: ^10 || ^12 || >= 14
    peerDependencies:
      postcss: ^8.1.0
    resolution:
      integrity: sha512-soFhflCVWLfRNOPU3iv5Z9VUdT44xFRbzjLsEzSr5AQmgqPMTHdU3PMT1Cf1ssx8fLNJDA1juftYl+PUcv3MqA==
  /indexes-of/1.0.1:
    dev: true
    resolution:
      integrity: sha1-8w9xbI4r00bHtn0985FVZqfAVgc=
  /is-binary-path/2.1.0:
    dependencies:
      binary-extensions: 2.2.0
    dev: true
    engines:
      node: '>=8'
    resolution:
      integrity: sha512-ZMERYes6pDydyuGidse7OsHxtbI7WVeUEozgR/g7rd0xUimYNlvZRE/K2MgZTjWy725IfelLeVcEM97mmtRGXw==
  /is-core-module/2.2.0:
    dependencies:
      has: 1.0.3
    dev: true
    resolution:
      integrity: sha512-XRAfAdyyY5F5cOXn7hYQDqh2Xmii+DEfIcQGxK/uNwMHhIkPWO0g8msXcbzLe+MpGoR951MlqM/2iIlU4vKDdQ==
  /is-extglob/2.1.1:
    dev: true
    engines:
      node: '>=0.10.0'
    resolution:
      integrity: sha1-qIwCU1eR8C7TfHahueqXc8gz+MI=
  /is-glob/4.0.1:
    dependencies:
      is-extglob: 2.1.1
    dev: true
    engines:
      node: '>=0.10.0'
    resolution:
      integrity: sha512-5G0tKtBTFImOqDnLB2hG6Bp2qcKEFduo4tZu9MT/H6NQv/ghhy30o55ufafxJ/LdH79LLs2Kfrn85TLKyA7BUg==
  /is-number/7.0.0:
    dev: true
    engines:
      node: '>=0.12.0'
    resolution:
      integrity: sha512-41Cifkg6e8TylSpdtTpeLVMqvSBEVzTttHvERD741+pnZ8ANv0004MRL43QKPDlK9cGvNp6NZWZUBlbGXYxxng==
  /ismobilejs/1.1.1:
    dev: false
    resolution:
      integrity: sha512-VaFW53yt8QO61k2WJui0dHf4SlL8lxBofUuUmwBo0ljPk0Drz2TiuDW4jo3wDcv41qy/SxrJ+VAzJ/qYqsmzRw==
  /json5/1.0.1:
    dependencies:
      minimist: 1.2.5
    dev: true
    hasBin: true
    resolution:
      integrity: sha512-aKS4WQjPenRxiQsC93MNfjx+nbF4PAdYzmd/1JIj8HYzqfbu86beTuNgXDzPknWk0n0uARlyewZo4s++ES36Ow==
  /loader-utils/1.4.0:
    dependencies:
      big.js: 5.2.2
      emojis-list: 3.0.0
      json5: 1.0.1
    dev: true
    engines:
      node: '>=4.0.0'
    resolution:
      integrity: sha512-qH0WSMBtn/oHuwjy/NucEgbx5dbxxnxup9s4PVXJUDHZBQY+s0NWA9rJf53RBnQZxfch7euUui7hpoAPvALZdA==
  /lodash.camelcase/4.3.0:
    dev: true
    resolution:
      integrity: sha1-soqmKIorn8ZRA1x3EfZathkDMaY=
  /lodash/4.17.21:
    resolution:
      integrity: sha512-v2kDEe57lecTulaDIuNTPy3Ry4gLGJ6Z1O3vE1krgXZNrsQ+LFTGHVxVjcXPs17LhbZVGedAJv8XZ1tvj5FvSg==
  /lru-cache/5.1.1:
    dependencies:
      yallist: 3.1.1
    dev: true
    resolution:
      integrity: sha512-KpNARQA3Iwv+jTA0utUVVbrh+Jlrr1Fv0e56GGzAFOXN7dk/FviaDW8LHmK52DlcH4WP2n6gI8vN1aesBFgo9w==
  /magic-string/0.25.7:
    dependencies:
      sourcemap-codec: 1.4.8
    dev: true
    resolution:
      integrity: sha512-4CrMT5DOHTDk4HYDlzmwu4FVCcIYI8gauveasrdCu2IKIFOJ3f0v/8MDGJCDL9oD2ppz/Av1b0Nj345H9M+XIA==
  /merge-source-map/1.1.0:
    dependencies:
      source-map: 0.6.1
    dev: true
    resolution:
      integrity: sha512-Qkcp7P2ygktpMPh2mCQZaf3jhN6D3Z/qVZHSdWvQ+2Ef5HgRAPBO57A77+ENm0CPx2+1Ce/MYKi3ymqdfuqibw==
  /mini-signals/1.2.0:
    dev: false
    resolution:
      integrity: sha1-RbCAE8X65RokqhqTXNMXye1yHXQ=
  /minimist/1.2.5:
    dev: true
    resolution:
      integrity: sha512-FM9nNUYrRBAELZQT3xeZQ7fmMOBg6nWNmJKTcgsJeaLstP/UODVpGsr5OhXhhXg6f+qtJ8uiZ+PUxkDWcgIXLw==
  /nanoid/3.1.20:
    dev: true
    engines:
      node: ^10 || ^12 || ^13.7 || ^14 || >=15.0.1
    hasBin: true
    resolution:
      integrity: sha512-a1cQNyczgKbLX9jwbS/+d7W8fX/RfgYR7lVWwWOGIPNgK2m0MWvrGF6/m4kk6U3QcFMnZf3RIhL0v2Jgh/0Uxw==
  /normalize-path/3.0.0:
    dev: true
    engines:
      node: '>=0.10.0'
    resolution:
      integrity: sha512-6eZs5Ls3WtCisHWp9S2GUy8dqkpGi4BVSz3GaqiE6ezub0512ESztXUwUB6C6IKbQkY2Pnb/mD4WYojCRwcwLA==
  /object-assign/4.1.1:
    dev: false
    engines:
      node: '>=0.10.0'
    resolution:
      integrity: sha1-IQmtx5ZYh8/AXLvUQsrIv7s2CGM=
  /parse-uri/1.0.3:
    dev: false
    engines:
      node: '>= 0.10'
    resolution:
      integrity: sha512-upMnGxNcm+45So85HoguwZTVZI9u11i36DdxJfGF2HYWS2eh3TIx7+/tTi7qrEq15qzGkVhsKjesau+kCk48pA==
  /path-parse/1.0.6:
    dev: true
    resolution:
      integrity: sha512-GSmOT2EbHrINBf9SR7CDELwlJ8AENk3Qn7OikK4nFYAu3Ote2+JYNVvkpAEQm3/TLNEJFD/xZJjzyxg3KBWOzw==
  /picomatch/2.2.2:
    dev: true
    engines:
      node: '>=8.6'
    resolution:
      integrity: sha512-q0M/9eZHzmr0AulXyPwNfZjtwZ/RBZlbN3K3CErVrk50T2ASYI7Bye0EvekFY3IP1Nt2DHu0re+V2ZHIpMkuWg==
  /pixi.js/6.0.0:
    dependencies:
      '@pixi/accessibility': 6.0.0
      '@pixi/app': 6.0.0
      '@pixi/compressed-textures': 6.0.0
      '@pixi/constants': 6.0.0
      '@pixi/core': 6.0.0
      '@pixi/display': 6.0.0
      '@pixi/extract': 6.0.0
      '@pixi/filter-alpha': 6.0.0
      '@pixi/filter-blur': 6.0.0
      '@pixi/filter-color-matrix': 6.0.0
      '@pixi/filter-displacement': 6.0.0
      '@pixi/filter-fxaa': 6.0.0
      '@pixi/filter-noise': 6.0.0
      '@pixi/graphics': 6.0.0
      '@pixi/interaction': 6.0.0
      '@pixi/loaders': 6.0.0
      '@pixi/math': 6.0.0
      '@pixi/mesh': 6.0.0
      '@pixi/mesh-extras': 6.0.0
      '@pixi/mixin-cache-as-bitmap': 6.0.0
      '@pixi/mixin-get-child-by-name': 6.0.0
      '@pixi/mixin-get-global-position': 6.0.0
      '@pixi/particles': 6.0.0
      '@pixi/polyfill': 6.0.0
      '@pixi/prepare': 6.0.0
      '@pixi/runner': 6.0.0
      '@pixi/settings': 6.0.0
      '@pixi/sprite': 6.0.0
      '@pixi/sprite-animated': 6.0.0
      '@pixi/sprite-tiling': 6.0.0
      '@pixi/spritesheet': 6.0.0
      '@pixi/text': 6.0.0
      '@pixi/text-bitmap': 6.0.0
      '@pixi/ticker': 6.0.0
      '@pixi/utils': 6.0.0
    dev: false
    resolution:
      integrity: sha512-dnbLWGxlA5LBoIW85uJQ2HiPQAkDFwp3bHs3OmXX+lJON9Lh4ZgVv2TAwgcO9j0UV5Wkbm+9sXEhqT8Up7a4RA==
  /postcss-modules-extract-imports/3.0.0_postcss@8.2.7:
    dependencies:
      postcss: 8.2.7
    dev: true
    engines:
      node: ^10 || ^12 || >= 14
    peerDependencies:
      postcss: ^8.1.0
    resolution:
      integrity: sha512-bdHleFnP3kZ4NYDhuGlVK+CMrQ/pqUm8bx/oGL93K6gVwiclvX5x0n76fYMKuIGKzlABOy13zsvqjb0f92TEXw==
  /postcss-modules-local-by-default/4.0.0_postcss@8.2.7:
    dependencies:
      icss-utils: 5.1.0_postcss@8.2.7
      postcss: 8.2.7
      postcss-selector-parser: 6.0.4
      postcss-value-parser: 4.1.0
    dev: true
    engines:
      node: ^10 || ^12 || >= 14
    peerDependencies:
      postcss: ^8.1.0
    resolution:
      integrity: sha512-sT7ihtmGSF9yhm6ggikHdV0hlziDTX7oFoXtuVWeDd3hHObNkcHRo9V3yg7vCAY7cONyxJC/XXCmmiHHcvX7bQ==
  /postcss-modules-scope/3.0.0_postcss@8.2.7:
    dependencies:
      postcss: 8.2.7
      postcss-selector-parser: 6.0.4
    dev: true
    engines:
      node: ^10 || ^12 || >= 14
    peerDependencies:
      postcss: ^8.1.0
    resolution:
      integrity: sha512-hncihwFA2yPath8oZ15PZqvWGkWf+XUfQgUGamS4LqoP1anQLOsOJw0vr7J7IwLpoY9fatA2qiGUGmuZL0Iqlg==
  /postcss-modules-values/4.0.0_postcss@8.2.7:
    dependencies:
      icss-utils: 5.1.0_postcss@8.2.7
      postcss: 8.2.7
    dev: true
    engines:
      node: ^10 || ^12 || >= 14
    peerDependencies:
      postcss: ^8.1.0
    resolution:
      integrity: sha512-RDxHkAiEGI78gS2ofyvCsu7iycRv7oqw5xMWn9iMoR0N/7mf9D50ecQqUo5BZ9Zh2vH4bCUR/ktCqbB9m8vJjQ==
  /postcss-modules/4.0.0_postcss@8.2.7:
    dependencies:
      generic-names: 2.0.1
      icss-replace-symbols: 1.1.0
      lodash.camelcase: 4.3.0
      postcss: 8.2.7
      postcss-modules-extract-imports: 3.0.0_postcss@8.2.7
      postcss-modules-local-by-default: 4.0.0_postcss@8.2.7
      postcss-modules-scope: 3.0.0_postcss@8.2.7
      postcss-modules-values: 4.0.0_postcss@8.2.7
      string-hash: 1.1.3
    dev: true
    peerDependencies:
      postcss: ^8.0.0
    resolution:
      integrity: sha512-ghS/ovDzDqARm4Zj6L2ntadjyQMoyJmi0JkLlYtH2QFLrvNlxH5OAVRPWPeKilB0pY7SbuhO173KOWkPAxRJcw==
  /postcss-selector-parser/6.0.4:
    dependencies:
      cssesc: 3.0.0
      indexes-of: 1.0.1
      uniq: 1.0.1
      util-deprecate: 1.0.2
    dev: true
    engines:
      node: '>=4'
    resolution:
      integrity: sha512-gjMeXBempyInaBqpp8gODmwZ52WaYsVOsfr4L4lDQ7n3ncD6mEyySiDtgzCT+NYC0mmeOLvtsF8iaEf0YT6dBw==
  /postcss-value-parser/4.1.0:
    dev: true
    resolution:
      integrity: sha512-97DXOFbQJhk71ne5/Mt6cOu6yxsSfM0QGQyl0L25Gca4yGWEGJaig7l7gbCX623VqTBNGLRLaVUCnNkcedlRSQ==
  /postcss/8.2.7:
    dependencies:
      colorette: 1.2.2
      nanoid: 3.1.20
      source-map: 0.6.1
    dev: true
    engines:
      node: ^10 || ^12 || >=14
    resolution:
      integrity: sha512-DsVLH3xJzut+VT+rYr0mtvOtpTjSyqDwPf5EZWXcb0uAKfitGpTY9Ec+afi2+TgdN8rWS9Cs88UDYehKo/RvOw==
  /promise-polyfill/8.2.0:
    dev: false
    resolution:
      integrity: sha512-k/TC0mIcPVF6yHhUvwAp7cvL6I2fFV7TzF1DuGPI8mBh4QQazf36xCKEHKTZKRysEoTQoQdKyP25J8MPJp7j5g==
  /punycode/1.3.2:
    dev: false
    resolution:
      integrity: sha1-llOgNvt8HuQjQvIyXM7v6jkmxI0=
  /querystring/0.2.0:
    dev: false
    engines:
      node: '>=0.4.x'
    resolution:
      integrity: sha1-sgmEkgO7Jd+CDadW50cAWHhSFiA=
  /readdirp/3.5.0:
    dependencies:
      picomatch: 2.2.2
    dev: true
    engines:
      node: '>=8.10.0'
    resolution:
      integrity: sha512-cMhu7c/8rdhkHXWsY+osBhfSy0JikwpHK/5+imo+LpeasTF8ouErHrlYkwT0++njiyuDvc7OFY5T3ukvZ8qmFQ==
  /resolve/1.20.0:
    dependencies:
      is-core-module: 2.2.0
      path-parse: 1.0.6
    dev: true
    resolution:
      integrity: sha512-wENBPt4ySzg4ybFQW2TT1zMQucPK95HSh/nq2CFTZVOGut2+pQvSsgtda4d26YrYcr067wjbmzOG8byDPBX63A==
  /resource-loader/3.0.1:
    dependencies:
      mini-signals: 1.2.0
      parse-uri: 1.0.3
    dev: false
    resolution:
      integrity: sha512-fBuCRbEHdLCI1eglzQhUv9Rrdcmqkydr1r6uHE2cYHvRBrcLXeSmbE/qI/urFt8rPr/IGxir3BUwM5kUK8XoyA==
  /rollup/2.40.0:
    dev: true
    engines:
      node: '>=10.0.0'
    hasBin: true
    optionalDependencies:
      fsevents: 2.3.2
    resolution:
      integrity: sha512-WiOGAPbXoHu+TOz6hyYUxIksOwsY/21TRWoO593jgYt8mvYafYqQl+axaA8y1z2HFazNUUrsMSjahV2A6/2R9A==
  /sass/1.32.8:
    dependencies:
      chokidar: 3.5.1
    dev: true
    engines:
      node: '>=8.9.0'
    hasBin: true
    resolution:
      integrity: sha512-Sl6mIeGpzjIUZqvKnKETfMf0iDAswD9TNlv13A7aAF3XZlRPMq4VvJWBC2N2DXbp94MQVdNSFG6LfF/iOXrPHQ==
  /source-map/0.6.1:
    engines:
      node: '>=0.10.0'
    resolution:
      integrity: sha512-UjgapumWlbMhkBgzT7Ykc5YXUT46F0iKu8SGXq0bcwP5dz/h0Plj6enJqjz1Zbq2l5WaqYnrVbwWOWMyF3F47g==
  /sourcemap-codec/1.4.8:
    dev: true
    resolution:
      integrity: sha512-9NykojV5Uih4lgo5So5dtw+f0JgJX30KCNI8gwhz2J9A15wD0Ml6tjHKwf6fTSa6fAdVBdZeNOs9eJ71qCk8vA==
  /string-hash/1.1.3:
    dev: true
    resolution:
      integrity: sha1-6Kr8CsGFW0Zmkp7X3RJ1311sgRs=
  /to-fast-properties/2.0.0:
    engines:
      node: '>=4'
    resolution:
      integrity: sha1-3F5pjL0HkmW8c+A3doGk5Og/YW4=
  /to-regex-range/5.0.1:
    dependencies:
      is-number: 7.0.0
    dev: true
    engines:
      node: '>=8.0'
    resolution:
      integrity: sha512-65P7iz6X5yEr1cwcgvQxbbIw7Uk3gOy5dIdtZ4rDveLqhrdJP+Li/Hx6tyK0NEb+2GCyneCMJiGqrADCSNk8sQ==
  /typescript/4.2.3:
    dev: true
    engines:
      node: '>=4.2.0'
    hasBin: true
    resolution:
      integrity: sha512-qOcYwxaByStAWrBf4x0fibwZvMRG+r4cQoTjbPtUlrWjBHbmCAww1i448U0GJ+3cNNEtebDteo/cHOR3xJ4wEw==
  /uniq/1.0.1:
    dev: true
    resolution:
      integrity: sha1-sxxa6CVIRKOoKBVBzisEuGWnNP8=
  /url/0.11.0:
    dependencies:
      punycode: 1.3.2
      querystring: 0.2.0
    dev: false
    resolution:
      integrity: sha1-ODjpfPxgUh63PFJajlW/3Z4uKPE=
  /util-deprecate/1.0.2:
    dev: true
    resolution:
      integrity: sha1-RQ1Nyfpw3nMnYvvS1KKJgUGaDM8=
  /vite/2.0.5:
    dependencies:
      esbuild: 0.8.55
      postcss: 8.2.7
      resolve: 1.20.0
      rollup: 2.40.0
    dev: true
    engines:
      node: '>=12.0.0'
    hasBin: true
    optionalDependencies:
      fsevents: 2.3.2
    resolution:
      integrity: sha512-QTgEDbq1WsTtr6j+++ewjhBFEk6c8v0xz4fb/OWJQKNYU8ZZtphOshwOqAlnarSstPBtWCBR0tsugXx6ajfoUg==
  /vue/3.0.7:
    dependencies:
      '@vue/compiler-dom': 3.0.7
      '@vue/runtime-dom': 3.0.7
      '@vue/shared': 3.0.7
    dev: false
    resolution:
      integrity: sha512-8h4TikD+JabbMK9aRlBO4laG0AtNHRPHynxYgWZ9sq1YUPfzynd9Jeeb27XNyZytC7aCQRX9xe1+TQJuc181Tw==
  /yallist/3.1.1:
    dev: true
    resolution:
      integrity: sha512-a4UGQaWPH59mOXUYnAG2ewncQS4i4F43Tv3JoAM+s2VDAmS9NsK8GpDMLrCHPksFT7h3K6TOoUNn2pb7RoXx4g==
specifiers:
  '@vitejs/plugin-vue': ^1.1.5
  '@vue/compiler-sfc': ^3.0.7
  pixi.js: ^6.0.0
  sass: ^1.32.8
  typescript: ^4.2.3
  vite: ^2.0.5
  vue: ^3.0.5
